
Microsoft Visual Studio Solution File, Format Version 12.00
# Visual Studio Version 17
VisualStudioVersion = 17.12.35728.132
MinimumVisualStudioVersion = 10.0.40219.1
Project("{2150E333-8FDC-42A3-9474-1A3956D46DE8}") = "src", "src", "{00CBC37C-073E-48DB-9BCA-CF430E1139E5}"
EndProject
Project("{2150E333-8FDC-42A3-9474-1A3956D46DE8}") = "Customer", "Customer", "{BAD4A948-F783-412A-86B3-095BA539CA14}"
EndProject
Project("{FAE04EC0-301F-11D3-BF4B-00C04F79EFBC}") = "Customer.API", "Customer.API\Customer.API.csproj", "{AA9A5B48-4C60-43FE-93D3-77CDFFF7276A}"
EndProject
Project("{FAE04EC0-301F-11D3-BF4B-00C04F79EFBC}") = "Customer.Application", "Customer.Application\Customer.Application.csproj", "{72566A48-A9BF-4344-B702-F46E9A688BF5}"
EndProject
Project("{FAE04EC0-301F-11D3-BF4B-00C04F79EFBC}") = "Customer.Domain", "Customer.Domain\Customer.Domain.csproj", "{1AA451F0-8910-4517-9204-2AA40C747688}"
EndProject
Project("{FAE04EC0-301F-11D3-BF4B-00C04F79EFBC}") = "Customer.Infrastructure", "Customer.Infrastructure\Customer.Infrastructure.csproj", "{115D7C98-A405-47A5-82F5-2D207EB786D5}"
EndProject
Project("{2150E333-8FDC-42A3-9474-1A3956D46DE8}") = "Credit", "Credit", "{FC9A70D5-94F1-4AF8-8317-CEF17B215EA1}"
EndProject
Project("{FAE04EC0-301F-11D3-BF4B-00C04F79EFBC}") = "Credit.API", "Credit.API\Credit.API.csproj", "{5B8C09F7-3FCC-4331-9A31-A6179C70847B}"
EndProject
Project("{FAE04EC0-301F-11D3-BF4B-00C04F79EFBC}") = "Credit.Domain", "Credit.Domain\Credit.Domain.csproj", "{5333849F-F48D-43BC-9964-BEEA47094789}"
EndProject
Project("{FAE04EC0-301F-11D3-BF4B-00C04F79EFBC}") = "Credit.Application", "Credit.Application\Credit.Application.csproj", "{22B1D687-AE13-4F7E-96CD-66355C632BFB}"
EndProject
Project("{FAE04EC0-301F-11D3-BF4B-00C04F79EFBC}") = "Credit.Infrastructure", "Credit.Infrastructure\Credit.Infrastructure.csproj", "{770F4DE7-3255-4131-9514-EE500A1E65EC}"
EndProject
Project("{2150E333-8FDC-42A3-9474-1A3956D46DE8}") = "Card", "Card", "{F524B172-F6C2-4CD3-8410-A49350AB420B}"
EndProject
Project("{FAE04EC0-301F-11D3-BF4B-00C04F79EFBC}") = "Card.API", "Card.API\Card.API.csproj", "{7E4E0E52-EE86-4B2F-89B2-B0610061654F}"
EndProject
Project("{FAE04EC0-301F-11D3-BF4B-00C04F79EFBC}") = "Card.Domain", "Card.Domain\Card.Domain.csproj", "{7F3BA079-9911-4BAC-A05F-A9B0F9FB0707}"
EndProject
Project("{FAE04EC0-301F-11D3-BF4B-00C04F79EFBC}") = "Card.Application", "Card.Application\Card.Application.csproj", "{CBA71A9A-9685-49C7-90D9-151044884753}"
EndProject
Project("{FAE04EC0-301F-11D3-BF4B-00C04F79EFBC}") = "Card.Infrastructure", "Card.Infrastructure\Card.Infrastructure.csproj", "{1727FC05-E9E1-4F57-AF7F-9306B130D750}"
EndProject
Project("{2150E333-8FDC-42A3-9474-1A3956D46DE8}") = "Shared", "Shared", "{02EA681E-C7D8-13C7-8484-4AC65E1B71E8}"
EndProject
Project("{FAE04EC0-301F-11D3-BF4B-00C04F79EFBC}") = "Shared", "Shared\Shared.csproj", "{BB47D1C3-EADB-4E27-98B6-D4A522B24D0F}"
EndProject
Project("{2150E333-8FDC-42A3-9474-1A3956D46DE8}") = "Itens de Solução", "Itens de Solução", "{380A7511-A354-6D7A-0CC0-8FA1F1BA7B6C}"
	ProjectSection(SolutionItems) = preProject
		docker-compose.yml = docker-compose.yml
	EndProjectSection
EndProject
Global
	GlobalSection(SolutionConfigurationPlatforms) = preSolution
		Debug|Any CPU = Debug|Any CPU
		Release|Any CPU = Release|Any CPU
	EndGlobalSection
	GlobalSection(ProjectConfigurationPlatforms) = postSolution
		{AA9A5B48-4C60-43FE-93D3-77CDFFF7276A}.Debug|Any CPU.ActiveCfg = Debug|Any CPU
		{AA9A5B48-4C60-43FE-93D3-77CDFFF7276A}.Debug|Any CPU.Build.0 = Debug|Any CPU
		{AA9A5B48-4C60-43FE-93D3-77CDFFF7276A}.Release|Any CPU.ActiveCfg = Release|Any CPU
		{AA9A5B48-4C60-43FE-93D3-77CDFFF7276A}.Release|Any CPU.Build.0 = Release|Any CPU
		{72566A48-A9BF-4344-B702-F46E9A688BF5}.Debug|Any CPU.ActiveCfg = Debug|Any CPU
		{72566A48-A9BF-4344-B702-F46E9A688BF5}.Debug|Any CPU.Build.0 = Debug|Any CPU
		{72566A48-A9BF-4344-B702-F46E9A688BF5}.Release|Any CPU.ActiveCfg = Release|Any CPU
		{72566A48-A9BF-4344-B702-F46E9A688BF5}.Release|Any CPU.Build.0 = Release|Any CPU
		{1AA451F0-8910-4517-9204-2AA40C747688}.Debug|Any CPU.ActiveCfg = Debug|Any CPU
		{1AA451F0-8910-4517-9204-2AA40C747688}.Debug|Any CPU.Build.0 = Debug|Any CPU
		{1AA451F0-8910-4517-9204-2AA40C747688}.Release|Any CPU.ActiveCfg = Release|Any CPU
		{1AA451F0-8910-4517-9204-2AA40C747688}.Release|Any CPU.Build.0 = Release|Any CPU
		{115D7C98-A405-47A5-82F5-2D207EB786D5}.Debug|Any CPU.ActiveCfg = Debug|Any CPU
		{115D7C98-A405-47A5-82F5-2D207EB786D5}.Debug|Any CPU.Build.0 = Debug|Any CPU
		{115D7C98-A405-47A5-82F5-2D207EB786D5}.Release|Any CPU.ActiveCfg = Release|Any CPU
		{115D7C98-A405-47A5-82F5-2D207EB786D5}.Release|Any CPU.Build.0 = Release|Any CPU
		{5B8C09F7-3FCC-4331-9A31-A6179C70847B}.Debug|Any CPU.ActiveCfg = Debug|Any CPU
		{5B8C09F7-3FCC-4331-9A31-A6179C70847B}.Debug|Any CPU.Build.0 = Debug|Any CPU
		{5B8C09F7-3FCC-4331-9A31-A6179C70847B}.Release|Any CPU.ActiveCfg = Release|Any CPU
		{5B8C09F7-3FCC-4331-9A31-A6179C70847B}.Release|Any CPU.Build.0 = Release|Any CPU
		{5333849F-F48D-43BC-9964-BEEA47094789}.Debug|Any CPU.ActiveCfg = Debug|Any CPU
		{5333849F-F48D-43BC-9964-BEEA47094789}.Debug|Any CPU.Build.0 = Debug|Any CPU
		{5333849F-F48D-43BC-9964-BEEA47094789}.Release|Any CPU.ActiveCfg = Release|Any CPU
		{5333849F-F48D-43BC-9964-BEEA47094789}.Release|Any CPU.Build.0 = Release|Any CPU
		{22B1D687-AE13-4F7E-96CD-66355C632BFB}.Debug|Any CPU.ActiveCfg = Debug|Any CPU
		{22B1D687-AE13-4F7E-96CD-66355C632BFB}.Debug|Any CPU.Build.0 = Debug|Any CPU
		{22B1D687-AE13-4F7E-96CD-66355C632BFB}.Release|Any CPU.ActiveCfg = Release|Any CPU
		{22B1D687-AE13-4F7E-96CD-66355C632BFB}.Release|Any CPU.Build.0 = Release|Any CPU
		{770F4DE7-3255-4131-9514-EE500A1E65EC}.Debug|Any CPU.ActiveCfg = Debug|Any CPU
		{770F4DE7-3255-4131-9514-EE500A1E65EC}.Debug|Any CPU.Build.0 = Debug|Any CPU
		{770F4DE7-3255-4131-9514-EE500A1E65EC}.Release|Any CPU.ActiveCfg = Release|Any CPU
		{770F4DE7-3255-4131-9514-EE500A1E65EC}.Release|Any CPU.Build.0 = Release|Any CPU
		{7E4E0E52-EE86-4B2F-89B2-B0610061654F}.Debug|Any CPU.ActiveCfg = Debug|Any CPU
		{7E4E0E52-EE86-4B2F-89B2-B0610061654F}.Debug|Any CPU.Build.0 = Debug|Any CPU
		{7E4E0E52-EE86-4B2F-89B2-B0610061654F}.Release|Any CPU.ActiveCfg = Release|Any CPU
		{7E4E0E52-EE86-4B2F-89B2-B0610061654F}.Release|Any CPU.Build.0 = Release|Any CPU
		{7F3BA079-9911-4BAC-A05F-A9B0F9FB0707}.Debug|Any CPU.ActiveCfg = Debug|Any CPU
		{7F3BA079-9911-4BAC-A05F-A9B0F9FB0707}.Debug|Any CPU.Build.0 = Debug|Any CPU
		{7F3BA079-9911-4BAC-A05F-A9B0F9FB0707}.Release|Any CPU.ActiveCfg = Release|Any CPU
		{7F3BA079-9911-4BAC-A05F-A9B0F9FB0707}.Release|Any CPU.Build.0 = Release|Any CPU
		{CBA71A9A-9685-49C7-90D9-151044884753}.Debug|Any CPU.ActiveCfg = Debug|Any CPU
		{CBA71A9A-9685-49C7-90D9-151044884753}.Debug|Any CPU.Build.0 = Debug|Any CPU
		{CBA71A9A-9685-49C7-90D9-151044884753}.Release|Any CPU.ActiveCfg = Release|Any CPU
		{CBA71A9A-9685-49C7-90D9-151044884753}.Release|Any CPU.Build.0 = Release|Any CPU
		{1727FC05-E9E1-4F57-AF7F-9306B130D750}.Debug|Any CPU.ActiveCfg = Debug|Any CPU
		{1727FC05-E9E1-4F57-AF7F-9306B130D750}.Debug|Any CPU.Build.0 = Debug|Any CPU
		{1727FC05-E9E1-4F57-AF7F-9306B130D750}.Release|Any CPU.ActiveCfg = Release|Any CPU
		{1727FC05-E9E1-4F57-AF7F-9306B130D750}.Release|Any CPU.Build.0 = Release|Any CPU
		{BB47D1C3-EADB-4E27-98B6-D4A522B24D0F}.Debug|Any CPU.ActiveCfg = Debug|Any CPU
		{BB47D1C3-EADB-4E27-98B6-D4A522B24D0F}.Debug|Any CPU.Build.0 = Debug|Any CPU
		{BB47D1C3-EADB-4E27-98B6-D4A522B24D0F}.Release|Any CPU.ActiveCfg = Release|Any CPU
		{BB47D1C3-EADB-4E27-98B6-D4A522B24D0F}.Release|Any CPU.Build.0 = Release|Any CPU
	EndGlobalSection
	GlobalSection(SolutionProperties) = preSolution
		HideSolutionNode = FALSE
	EndGlobalSection
	GlobalSection(NestedProjects) = preSolution
		{BAD4A948-F783-412A-86B3-095BA539CA14} = {00CBC37C-073E-48DB-9BCA-CF430E1139E5}
		{AA9A5B48-4C60-43FE-93D3-77CDFFF7276A} = {BAD4A948-F783-412A-86B3-095BA539CA14}
		{72566A48-A9BF-4344-B702-F46E9A688BF5} = {BAD4A948-F783-412A-86B3-095BA539CA14}
		{1AA451F0-8910-4517-9204-2AA40C747688} = {BAD4A948-F783-412A-86B3-095BA539CA14}
		{115D7C98-A405-47A5-82F5-2D207EB786D5} = {BAD4A948-F783-412A-86B3-095BA539CA14}
		{FC9A70D5-94F1-4AF8-8317-CEF17B215EA1} = {00CBC37C-073E-48DB-9BCA-CF430E1139E5}
		{5B8C09F7-3FCC-4331-9A31-A6179C70847B} = {FC9A70D5-94F1-4AF8-8317-CEF17B215EA1}
		{5333849F-F48D-43BC-9964-BEEA47094789} = {FC9A70D5-94F1-4AF8-8317-CEF17B215EA1}
		{22B1D687-AE13-4F7E-96CD-66355C632BFB} = {FC9A70D5-94F1-4AF8-8317-CEF17B215EA1}
		{770F4DE7-3255-4131-9514-EE500A1E65EC} = {FC9A70D5-94F1-4AF8-8317-CEF17B215EA1}
		{F524B172-F6C2-4CD3-8410-A49350AB420B} = {00CBC37C-073E-48DB-9BCA-CF430E1139E5}
		{7E4E0E52-EE86-4B2F-89B2-B0610061654F} = {F524B172-F6C2-4CD3-8410-A49350AB420B}
		{7F3BA079-9911-4BAC-A05F-A9B0F9FB0707} = {F524B172-F6C2-4CD3-8410-A49350AB420B}
		{CBA71A9A-9685-49C7-90D9-151044884753} = {F524B172-F6C2-4CD3-8410-A49350AB420B}
		{1727FC05-E9E1-4F57-AF7F-9306B130D750} = {F524B172-F6C2-4CD3-8410-A49350AB420B}
		{02EA681E-C7D8-13C7-8484-4AC65E1B71E8} = {00CBC37C-073E-48DB-9BCA-CF430E1139E5}
		{BB47D1C3-EADB-4E27-98B6-D4A522B24D0F} = {02EA681E-C7D8-13C7-8484-4AC65E1B71E8}
	EndGlobalSection
	GlobalSection(ExtensibilityGlobals) = postSolution
		SolutionGuid = {17AAAA4E-6E12-4537-93FA-32649435724B}
	EndGlobalSection
EndGlobal
